
Microsoft Visual Studio Solution File, Format Version 12.00
# Visual Studio Version 17
VisualStudioVersion = 17.3.32922.545
MinimumVisualStudioVersion = 10.0.40219.1
Project("{FAE04EC0-301F-11D3-BF4B-00C04F79EFBC}") = "Practice", "Practice\Practice.csproj", "{E97FAE7F-81F2-417B-98F2-DB6CBBF0EF07}"
EndProject
Global
	GlobalSection(SolutionConfigurationPlatforms) = preSolution
		Debug|Any CPU = Debug|Any CPU
		Release|Any CPU = Release|Any CPU
	EndGlobalSection
	GlobalSection(ProjectConfigurationPlatforms) = postSolution
		{E97FAE7F-81F2-417B-98F2-DB6CBBF0EF07}.Debug|Any CPU.ActiveCfg = Debug|Any CPU
		{E97FAE7F-81F2-417B-98F2-DB6CBBF0EF07}.Debug|Any CPU.Build.0 = Debug|Any CPU
		{E97FAE7F-81F2-417B-98F2-DB6CBBF0EF07}.Release|Any CPU.ActiveCfg = Release|Any CPU
		{E97FAE7F-81F2-417B-98F2-DB6CBBF0EF07}.Release|Any CPU.Build.0 = Release|Any CPU
	EndGlobalSection
	GlobalSection(SolutionProperties) = preSolution
		HideSolutionNode = FALSE
	EndGlobalSection
	GlobalSection(ExtensibilityGlobals) = postSolution
		SolutionGuid = {3F6A832B-37EE-491B-826B-4FA27BF54FBD}
	EndGlobalSection
EndGlobal
